
Microsoft Visual Studio Solution File, Format Version 12.00
# Visual Studio Version 17
VisualStudioVersion = 17.12.35521.163 d17.12
MinimumVisualStudioVersion = 10.0.40219.1
Project("{FAE04EC0-301F-11D3-BF4B-00C04F79EFBC}") = "BridgeCourse.Week3.Vault", "BridgeCourse.Week3.Vault\BridgeCourse.Week3.Vault.csproj", "{229134B3-52DD-4F2D-A342-0A874474EF6F}"
EndProject
Project("{FAE04EC0-301F-11D3-BF4B-00C04F79EFBC}") = "BridgeCourse.Week3.Api", "BridgeCourse.Week3.Api\BridgeCourse.Week3.Api.csproj", "{9C01C094-BB0F-4645-AC03-2D11CEE33FC8}"
EndProject
Project("{FAE04EC0-301F-11D3-BF4B-00C04F79EFBC}") = "BridgeCourse.Week3.Tests", "BridgeCourse.Week3.Tests\BridgeCourse.Week3.Tests.csproj", "{3072FD8C-8C42-471D-8A7E-FF5FC9099EB1}"
EndProject
Global
	GlobalSection(SolutionConfigurationPlatforms) = preSolution
		Debug|Any CPU = Debug|Any CPU
		Release|Any CPU = Release|Any CPU
	EndGlobalSection
	GlobalSection(ProjectConfigurationPlatforms) = postSolution
		{229134B3-52DD-4F2D-A342-0A874474EF6F}.Debug|Any CPU.ActiveCfg = Debug|Any CPU
		{229134B3-52DD-4F2D-A342-0A874474EF6F}.Debug|Any CPU.Build.0 = Debug|Any CPU
		{229134B3-52DD-4F2D-A342-0A874474EF6F}.Release|Any CPU.ActiveCfg = Release|Any CPU
		{229134B3-52DD-4F2D-A342-0A874474EF6F}.Release|Any CPU.Build.0 = Release|Any CPU
		{9C01C094-BB0F-4645-AC03-2D11CEE33FC8}.Debug|Any CPU.ActiveCfg = Debug|Any CPU
		{9C01C094-BB0F-4645-AC03-2D11CEE33FC8}.Debug|Any CPU.Build.0 = Debug|Any CPU
		{9C01C094-BB0F-4645-AC03-2D11CEE33FC8}.Release|Any CPU.ActiveCfg = Release|Any CPU
		{9C01C094-BB0F-4645-AC03-2D11CEE33FC8}.Release|Any CPU.Build.0 = Release|Any CPU
		{3072FD8C-8C42-471D-8A7E-FF5FC9099EB1}.Debug|Any CPU.ActiveCfg = Debug|Any CPU
		{3072FD8C-8C42-471D-8A7E-FF5FC9099EB1}.Debug|Any CPU.Build.0 = Debug|Any CPU
		{3072FD8C-8C42-471D-8A7E-FF5FC9099EB1}.Release|Any CPU.ActiveCfg = Release|Any CPU
		{3072FD8C-8C42-471D-8A7E-FF5FC9099EB1}.Release|Any CPU.Build.0 = Release|Any CPU
	EndGlobalSection
	GlobalSection(SolutionProperties) = preSolution
		HideSolutionNode = FALSE
	EndGlobalSection
EndGlobal
